
Microsoft Visual Studio Solution File, Format Version 12.00
# Visual Studio Version 16
VisualStudioVersion = 16.0.29306.81
MinimumVisualStudioVersion = 10.0.40219.1
Project("{FAE04EC0-301F-11D3-BF4B-00C04F79EFBC}") = "MusicStoreApi", "MusicStoreApi\MusicStoreApi.csproj", "{CC3F24D2-DFF0-4806-90FA-7EAFBBE371C0}"
EndProject
Global
	GlobalSection(SolutionConfigurationPlatforms) = preSolution
		Debug|Any CPU = Debug|Any CPU
		Release|Any CPU = Release|Any CPU
	EndGlobalSection
	GlobalSection(ProjectConfigurationPlatforms) = postSolution
		{CC3F24D2-DFF0-4806-90FA-7EAFBBE371C0}.Debug|Any CPU.ActiveCfg = Debug|Any CPU
		{CC3F24D2-DFF0-4806-90FA-7EAFBBE371C0}.Debug|Any CPU.Build.0 = Debug|Any CPU
		{CC3F24D2-DFF0-4806-90FA-7EAFBBE371C0}.Release|Any CPU.ActiveCfg = Release|Any CPU
		{CC3F24D2-DFF0-4806-90FA-7EAFBBE371C0}.Release|Any CPU.Build.0 = Release|Any CPU
	EndGlobalSection
	GlobalSection(SolutionProperties) = preSolution
		HideSolutionNode = FALSE
	EndGlobalSection
	GlobalSection(ExtensibilityGlobals) = postSolution
		SolutionGuid = {2F613313-6CB8-483A-9802-9F1114E0871D}
	EndGlobalSection
EndGlobal
